
Microsoft Visual Studio Solution File, Format Version 12.00
# Visual Studio Version 17
VisualStudioVersion = 17.7.34031.279
MinimumVisualStudioVersion = 10.0.40219.1
Project("{FAE04EC0-301F-11D3-BF4B-00C04F79EFBC}") = "Fbu.AdvertisementApp.Common", "Fbu.AdvertisementApp.Common\Fbu.AdvertisementApp.Common.csproj", "{01AC25DE-EA1A-4425-A9CC-B4C331FCD9D3}"
EndProject
Project("{FAE04EC0-301F-11D3-BF4B-00C04F79EFBC}") = "Fbu.AdvertisementApp.Entities", "Fbu.AdvertisementApp.Entities\Fbu.AdvertisementApp.Entities.csproj", "{C248E54B-8C8F-4AB8-AE05-5B2D462629B8}"
EndProject
Global
	GlobalSection(SolutionConfigurationPlatforms) = preSolution
		Debug|Any CPU = Debug|Any CPU
		Release|Any CPU = Release|Any CPU
	EndGlobalSection
	GlobalSection(ProjectConfigurationPlatforms) = postSolution
		{01AC25DE-EA1A-4425-A9CC-B4C331FCD9D3}.Debug|Any CPU.ActiveCfg = Debug|Any CPU
		{01AC25DE-EA1A-4425-A9CC-B4C331FCD9D3}.Debug|Any CPU.Build.0 = Debug|Any CPU
		{01AC25DE-EA1A-4425-A9CC-B4C331FCD9D3}.Release|Any CPU.ActiveCfg = Release|Any CPU
		{01AC25DE-EA1A-4425-A9CC-B4C331FCD9D3}.Release|Any CPU.Build.0 = Release|Any CPU
		{C248E54B-8C8F-4AB8-AE05-5B2D462629B8}.Debug|Any CPU.ActiveCfg = Debug|Any CPU
		{C248E54B-8C8F-4AB8-AE05-5B2D462629B8}.Debug|Any CPU.Build.0 = Debug|Any CPU
		{C248E54B-8C8F-4AB8-AE05-5B2D462629B8}.Release|Any CPU.ActiveCfg = Release|Any CPU
		{C248E54B-8C8F-4AB8-AE05-5B2D462629B8}.Release|Any CPU.Build.0 = Release|Any CPU
	EndGlobalSection
	GlobalSection(SolutionProperties) = preSolution
		HideSolutionNode = FALSE
	EndGlobalSection
	GlobalSection(ExtensibilityGlobals) = postSolution
		SolutionGuid = {AD15FEF6-6EB7-46BC-8E1D-B262E0E40120}
	EndGlobalSection
EndGlobal
